<?xml version="1.0" encoding="utf-8"?>
<Project ToolsVersion="4.0" xmlns="http://schemas.microsoft.com/developer/msbuild/2003">
  <ItemGroup>
    <Filter Include="demoscene">
      <UniqueIdentifier>{782F837A-E499-37F1-2DD8-E89699811546}</UniqueIdentifier>
    </Filter>
  </ItemGroup>
  <ItemGroup>
    <ClInclude Include="src\Application.h" />
    <ClInclude Include="src\Camera.h" />
    <ClInclude Include="src\Camera3D.h" />
    <ClInclude Include="src\Feedback.h" />
    <ClInclude Include="src\GlfwContext.h" />
    <ClInclude Include="src\ImGuiContext.h" />
    <ClInclude Include="src\Input.h" />
    <ClInclude Include="src\Particle.h" />
    <ClInclude Include="src\Shader\Shader.h" />
    <ClInclude Include="src\VertexArray.h" />
    <ClInclude Include="src\VertexBuffer.h" />
    <ClInclude Include="src\demoscene\DemoScene.h">
      <Filter>demoscene</Filter>
    </ClInclude>
    <ClInclude Include="src\demoscene\QuadMeshScene.h">
      <Filter>demoscene</Filter>
    </ClInclude>
    <ClInclude Include="src\demoscene\SceneFireLoop.h">
      <Filter>demoscene</Filter>
    </ClInclude>
    <ClInclude Include="src\demoscene\SinWave.h">
      <Filter>demoscene</Filter>
    </ClInclude>
    <ClInclude Include="src\pch.h" />
    <ClInclude Include="src\tfBuffer.h" />
    <ClInclude Include="src\SceneObj\SceneObj.h" />
    <ClInclude Include="src\Sprite\Sprite.h" />
    <ClInclude Include="src\Renderer\Renderer.h" />
    <ClInclude Include="src\demoscene\SpriteTest.h" />
    <ClInclude Include="src\Sprite\QuadMeshSprite.h" />
    <ClInclude Include="src\Sprite\FireWork.h" />
    <ClInclude Include="src\Rand\Rand.h" />
    <ClInclude Include="src\Sprite\ColoredSprite.h" />
    <ClInclude Include="src\Shader\tfbShader.h" />
  </ItemGroup>
  <ItemGroup>
    <ClCompile Include="src\Application.cpp" />
    <ClCompile Include="src\Camera.cpp" />
    <ClCompile Include="src\Camera3D.cpp" />
    <ClCompile Include="src\Feedback.cpp" />
    <ClCompile Include="src\GlfwContext.cpp" />
    <ClCompile Include="src\ImGuiContext.cpp" />
    <ClCompile Include="src\Input.cpp" />
    <ClCompile Include="src\Particle.cpp" />
    <ClCompile Include="src\Shader\Shader.cpp" />
    <ClCompile Include="src\VertexArray.cpp" />
    <ClCompile Include="src\VertexBuffer.cpp" />
    <ClCompile Include="src\demoscene\DemoScene.cpp">
      <Filter>demoscene</Filter>
    </ClCompile>
    <ClCompile Include="src\demoscene\QuadMeshScene.cpp">
      <Filter>demoscene</Filter>
    </ClCompile>
    <ClCompile Include="src\demoscene\SceneFireLoop.cpp">
      <Filter>demoscene</Filter>
    </ClCompile>
    <ClCompile Include="src\demoscene\SinWave.cpp">
      <Filter>demoscene</Filter>
    </ClCompile>
    <ClCompile Include="src\main.cpp" />
    <ClCompile Include="src\pch.cpp" />
    <ClCompile Include="src\tfBuffer.cpp" />
    <ClCompile Include="src\SceneObj\SceneObj.cpp" />
    <ClCompile Include="src\Sprite\Sprite.cpp" />
    <ClCompile Include="src\Renderer\Renderer.cpp" />
    <ClCompile Include="src\demoscene\SpriteTest.cpp" />
    <ClCompile Include="src\Sprite\QuadMeshSprite.cpp" />
    <ClCompile Include="src\Sprite\FireWork.cpp" />
    <ClCompile Include="src\Rand\Rand.cpp" />
    <ClCompile Include="src\Sprite\ColoredSprite.cpp" />
    <ClCompile Include="src\Shader\tfbShader.cpp" />
  </ItemGroup>
</Project>