<?xml version="1.0" encoding="utf-8"?>
<Project ToolsVersion="4.0" xmlns="http://schemas.microsoft.com/developer/msbuild/2003">
  <ItemGroup>
    <Filter Include="src">
      <UniqueIdentifier>{2DAB880B-99B4-887C-2230-9F7C8E38947C}</UniqueIdentifier>
    </Filter>
    <Filter Include="src\ImGuiWindows">
      <UniqueIdentifier>{22036892-0EFC-86E4-372E-6C69238666F0}</UniqueIdentifier>
    </Filter>
    <Filter Include="src\Interface">
      <UniqueIdentifier>{4DAFE1C2-B96F-5DF9-82AA-A676EE29A2D5}</UniqueIdentifier>
    </Filter>
    <Filter Include="src\Light">
      <UniqueIdentifier>{94AC56B3-0017-0B2A-4955-BCCFB5FEE87E}</UniqueIdentifier>
    </Filter>
    <Filter Include="src\Material">
      <UniqueIdentifier>{6BBCC5FC-571F-55A1-00A5-8D57ECE62024}</UniqueIdentifier>
    </Filter>
    <Filter Include="src\Rand">
      <UniqueIdentifier>{41D124CF-2D9E-7FDA-56B7-6D8242E3B468}</UniqueIdentifier>
    </Filter>
    <Filter Include="src\Renderer">
      <UniqueIdentifier>{73D1DFBF-5F34-6F64-08BA-A71AF4FB3AE7}</UniqueIdentifier>
    </Filter>
    <Filter Include="src\SceneObj">
      <UniqueIdentifier>{E51EE3FD-D181-72A2-7A07-AB5866493E25}</UniqueIdentifier>
    </Filter>
    <Filter Include="src\Shader">
      <UniqueIdentifier>{33E66A2E-1F9E-AC7B-88A5-85D7747C476C}</UniqueIdentifier>
    </Filter>
    <Filter Include="src\Sprite">
      <UniqueIdentifier>{D313052F-BFCB-467C-28D3-1FD814AAE16C}</UniqueIdentifier>
    </Filter>
    <Filter Include="src\demoscene">
      <UniqueIdentifier>{4F913DBA-BB51-B9F0-848C-026EF00BFECC}</UniqueIdentifier>
    </Filter>
    <Filter Include="src\glObj">
      <UniqueIdentifier>{6A8040B5-D6EA-F42B-1F29-A6D18BD2D280}</UniqueIdentifier>
    </Filter>
    <Filter Include="vendor">
      <UniqueIdentifier>{B3738122-9F15-ACF8-88D0-BF4C74113349}</UniqueIdentifier>
    </Filter>
    <Filter Include="vendor\ImGuiFileDialog">
      <UniqueIdentifier>{6D9D2443-5997-4D95-4204-E4A52E9DB301}</UniqueIdentifier>
    </Filter>
  </ItemGroup>
  <ItemGroup>
    <ClInclude Include="src\Application.h">
      <Filter>src</Filter>
    </ClInclude>
    <ClInclude Include="src\Camera.h">
      <Filter>src</Filter>
    </ClInclude>
    <ClInclude Include="src\Camera3D.h">
      <Filter>src</Filter>
    </ClInclude>
    <ClInclude Include="src\ElementBuffer.h">
      <Filter>src</Filter>
    </ClInclude>
    <ClInclude Include="src\Feedback.h">
      <Filter>src</Filter>
    </ClInclude>
    <ClInclude Include="src\GlfwContext.h">
      <Filter>src</Filter>
    </ClInclude>
    <ClInclude Include="src\ImGuiContext.h">
      <Filter>src</Filter>
    </ClInclude>
    <ClInclude Include="src\ImGuiWindows\DemosceneLoader.h">
      <Filter>src\ImGuiWindows</Filter>
    </ClInclude>
    <ClInclude Include="src\ImGuiWindows\ImGuiWindows.h">
      <Filter>src\ImGuiWindows</Filter>
    </ClInclude>
    <ClInclude Include="src\ImGuiWindows\SceneProperty.h">
      <Filter>src\ImGuiWindows</Filter>
    </ClInclude>
    <ClInclude Include="src\ImGuiWindows\SceneWindow.h">
      <Filter>src\ImGuiWindows</Filter>
    </ClInclude>
    <ClInclude Include="src\ImGuiWindows\StyleEditor.h">
      <Filter>src\ImGuiWindows</Filter>
    </ClInclude>
    <ClInclude Include="src\Input.h">
      <Filter>src</Filter>
    </ClInclude>
    <ClInclude Include="src\Interface\ImGuiInterface.h">
      <Filter>src\Interface</Filter>
    </ClInclude>
    <ClInclude Include="src\Light\DirLight.h">
      <Filter>src\Light</Filter>
    </ClInclude>
    <ClInclude Include="src\Light\Light.h">
      <Filter>src\Light</Filter>
    </ClInclude>
    <ClInclude Include="src\Light\PointLight.h">
      <Filter>src\Light</Filter>
    </ClInclude>
    <ClInclude Include="src\Light\SpotLight.h">
      <Filter>src\Light</Filter>
    </ClInclude>
    <ClInclude Include="src\Material\Material.h">
      <Filter>src\Material</Filter>
    </ClInclude>
    <ClInclude Include="src\Particle.h">
      <Filter>src</Filter>
    </ClInclude>
    <ClInclude Include="src\Rand\Rand.h">
      <Filter>src\Rand</Filter>
    </ClInclude>
    <ClInclude Include="src\Renderer\Renderer.h">
      <Filter>src\Renderer</Filter>
    </ClInclude>
    <ClInclude Include="src\Renderer\TransparencySprite.h">
      <Filter>src\Renderer</Filter>
    </ClInclude>
    <ClInclude Include="src\SceneObj\ModelObj.h">
      <Filter>src\SceneObj</Filter>
    </ClInclude>
    <ClInclude Include="src\SceneObj\SceneObj.h">
      <Filter>src\SceneObj</Filter>
    </ClInclude>
    <ClInclude Include="src\SceneObj\illuminant.h">
      <Filter>src\SceneObj</Filter>
    </ClInclude>
    <ClInclude Include="src\Shader\Shader.h">
      <Filter>src\Shader</Filter>
    </ClInclude>
    <ClInclude Include="src\Shader\tfbShader.h">
      <Filter>src\Shader</Filter>
    </ClInclude>
    <ClInclude Include="src\Sprite\ColoredSprite.h">
      <Filter>src\Sprite</Filter>
    </ClInclude>
    <ClInclude Include="src\Sprite\CubeSprite.h">
      <Filter>src\Sprite</Filter>
    </ClInclude>
    <ClInclude Include="src\Sprite\FireWork.h">
      <Filter>src\Sprite</Filter>
    </ClInclude>
    <ClInclude Include="src\Sprite\Hanabi.h">
      <Filter>src\Sprite</Filter>
    </ClInclude>
    <ClInclude Include="src\Sprite\Mesh.h">
      <Filter>src\Sprite</Filter>
    </ClInclude>
    <ClInclude Include="src\Sprite\QuadMeshSprite.h">
      <Filter>src\Sprite</Filter>
    </ClInclude>
    <ClInclude Include="src\Sprite\QuadSprite.h">
      <Filter>src\Sprite</Filter>
    </ClInclude>
    <ClInclude Include="src\Sprite\SphereSprite.h">
      <Filter>src\Sprite</Filter>
    </ClInclude>
    <ClInclude Include="src\Sprite\Sprite.h">
      <Filter>src\Sprite</Filter>
    </ClInclude>
    <ClInclude Include="src\Sprite\SpriteMeshes.h">
      <Filter>src\Sprite</Filter>
    </ClInclude>
    <ClInclude Include="src\Sprite\udSprite.h">
      <Filter>src\Sprite</Filter>
    </ClInclude>
    <ClInclude Include="src\VertexArray.h">
      <Filter>src</Filter>
    </ClInclude>
    <ClInclude Include="src\VertexBuffer.h">
      <Filter>src</Filter>
    </ClInclude>
    <ClInclude Include="src\demoscene\DemoScene.h">
      <Filter>src\demoscene</Filter>
    </ClInclude>
    <ClInclude Include="src\demoscene\DemoSceneA.h">
      <Filter>src\demoscene</Filter>
    </ClInclude>
    <ClInclude Include="src\demoscene\DemoSceneB.h">
      <Filter>src\demoscene</Filter>
    </ClInclude>
    <ClInclude Include="src\demoscene\DemoSceneModel.h">
      <Filter>src\demoscene</Filter>
    </ClInclude>
    <ClInclude Include="src\demoscene\DemoSceneUI.h">
      <Filter>src\demoscene</Filter>
    </ClInclude>
    <ClInclude Include="src\demoscene\FireworkScene.h">
      <Filter>src\demoscene</Filter>
    </ClInclude>
    <ClInclude Include="src\demoscene\LightedDemoScene.h">
      <Filter>src\demoscene</Filter>
    </ClInclude>
    <ClInclude Include="src\demoscene\QuadMeshScene.h">
      <Filter>src\demoscene</Filter>
    </ClInclude>
    <ClInclude Include="src\demoscene\SceneFireLoop.h">
      <Filter>src\demoscene</Filter>
    </ClInclude>
    <ClInclude Include="src\demoscene\SinWave.h">
      <Filter>src\demoscene</Filter>
    </ClInclude>
    <ClInclude Include="src\demoscene\SpriteTest.h">
      <Filter>src\demoscene</Filter>
    </ClInclude>
    <ClInclude Include="src\glObj\FrameBuffer.h">
      <Filter>src\glObj</Filter>
    </ClInclude>
    <ClInclude Include="src\glObj\FrameBufferMS.h">
      <Filter>src\glObj</Filter>
    </ClInclude>
    <ClInclude Include="src\glObj\LightBuffer.h">
      <Filter>src\glObj</Filter>
    </ClInclude>
    <ClInclude Include="src\glObj\Texture.h">
      <Filter>src\glObj</Filter>
    </ClInclude>
    <ClInclude Include="src\glObj\VertexBuffers.h">
      <Filter>src\glObj</Filter>
    </ClInclude>
    <ClInclude Include="src\glObj\oitContext.h">
      <Filter>src\glObj</Filter>
    </ClInclude>
    <ClInclude Include="src\pch.h">
      <Filter>src</Filter>
    </ClInclude>
    <ClInclude Include="src\tfBuffer.h">
      <Filter>src</Filter>
    </ClInclude>
    <ClInclude Include="vendor\ImGuiFileDialog\ImGuiFileDialog.h">
      <Filter>vendor\ImGuiFileDialog</Filter>
    </ClInclude>
    <ClInclude Include="vendor\ImGuiFileDialog\ImGuiFileDialogConfig.h">
      <Filter>vendor\ImGuiFileDialog</Filter>
    </ClInclude>
  </ItemGroup>
  <ItemGroup>
    <ClCompile Include="src\Application.cpp">
      <Filter>src</Filter>
    </ClCompile>
    <ClCompile Include="src\Camera.cpp">
      <Filter>src</Filter>
    </ClCompile>
    <ClCompile Include="src\Camera3D.cpp">
      <Filter>src</Filter>
    </ClCompile>
    <ClCompile Include="src\ElementBuffer.cpp">
      <Filter>src</Filter>
    </ClCompile>
    <ClCompile Include="src\Feedback.cpp">
      <Filter>src</Filter>
    </ClCompile>
    <ClCompile Include="src\GlfwContext.cpp">
      <Filter>src</Filter>
    </ClCompile>
    <ClCompile Include="src\ImGuiContext.cpp">
      <Filter>src</Filter>
    </ClCompile>
    <ClCompile Include="src\ImGuiWindows\DemosceneLoader.cpp">
      <Filter>src\ImGuiWindows</Filter>
    </ClCompile>
    <ClCompile Include="src\ImGuiWindows\ImGuiWindows.cpp">
      <Filter>src\ImGuiWindows</Filter>
    </ClCompile>
    <ClCompile Include="src\ImGuiWindows\SceneProperty.cpp">
      <Filter>src\ImGuiWindows</Filter>
    </ClCompile>
    <ClCompile Include="src\ImGuiWindows\SceneWindow.cpp">
      <Filter>src\ImGuiWindows</Filter>
    </ClCompile>
    <ClCompile Include="src\ImGuiWindows\StyleEditor.cpp">
      <Filter>src\ImGuiWindows</Filter>
    </ClCompile>
    <ClCompile Include="src\Input.cpp">
      <Filter>src</Filter>
    </ClCompile>
    <ClCompile Include="src\Interface\ImGuiInterface.cpp">
      <Filter>src\Interface</Filter>
    </ClCompile>
    <ClCompile Include="src\Light\DirLight.cpp">
      <Filter>src\Light</Filter>
    </ClCompile>
    <ClCompile Include="src\Light\Light.cpp">
      <Filter>src\Light</Filter>
    </ClCompile>
    <ClCompile Include="src\Light\PointLight.cpp">
      <Filter>src\Light</Filter>
    </ClCompile>
    <ClCompile Include="src\Light\SpotLight.cpp">
      <Filter>src\Light</Filter>
    </ClCompile>
    <ClCompile Include="src\Material\Material.cpp">
      <Filter>src\Material</Filter>
    </ClCompile>
    <ClCompile Include="src\Particle.cpp">
      <Filter>src</Filter>
    </ClCompile>
    <ClCompile Include="src\Rand\Rand.cpp">
      <Filter>src\Rand</Filter>
    </ClCompile>
    <ClCompile Include="src\Renderer\Renderer.cpp">
      <Filter>src\Renderer</Filter>
    </ClCompile>
    <ClCompile Include="src\Renderer\TransparencySprite.cpp">
      <Filter>src\Renderer</Filter>
    </ClCompile>
    <ClCompile Include="src\SceneObj\ModelObj.cpp">
      <Filter>src\SceneObj</Filter>
    </ClCompile>
    <ClCompile Include="src\SceneObj\SceneObj.cpp">
      <Filter>src\SceneObj</Filter>
    </ClCompile>
    <ClCompile Include="src\SceneObj\illuminant.cpp">
      <Filter>src\SceneObj</Filter>
    </ClCompile>
    <ClCompile Include="src\Shader\Shader.cpp">
      <Filter>src\Shader</Filter>
    </ClCompile>
    <ClCompile Include="src\Shader\tfbShader.cpp">
      <Filter>src\Shader</Filter>
    </ClCompile>
    <ClCompile Include="src\Sprite\ColoredSprite.cpp">
      <Filter>src\Sprite</Filter>
    </ClCompile>
    <ClCompile Include="src\Sprite\CubeSprite.cpp">
      <Filter>src\Sprite</Filter>
    </ClCompile>
    <ClCompile Include="src\Sprite\FireWork.cpp">
      <Filter>src\Sprite</Filter>
    </ClCompile>
    <ClCompile Include="src\Sprite\Hanabi.cpp">
      <Filter>src\Sprite</Filter>
    </ClCompile>
    <ClCompile Include="src\Sprite\Mesh.cpp">
      <Filter>src\Sprite</Filter>
    </ClCompile>
    <ClCompile Include="src\Sprite\QuadMeshSprite.cpp">
      <Filter>src\Sprite</Filter>
    </ClCompile>
    <ClCompile Include="src\Sprite\QuadSprite.cpp">
      <Filter>src\Sprite</Filter>
    </ClCompile>
    <ClCompile Include="src\Sprite\SphereSprite.cpp">
      <Filter>src\Sprite</Filter>
    </ClCompile>
    <ClCompile Include="src\Sprite\Sprite.cpp">
      <Filter>src\Sprite</Filter>
    </ClCompile>
    <ClCompile Include="src\Sprite\SpriteMeshes.cpp">
      <Filter>src\Sprite</Filter>
    </ClCompile>
    <ClCompile Include="src\Sprite\udSprite.cpp">
      <Filter>src\Sprite</Filter>
    </ClCompile>
    <ClCompile Include="src\VertexArray.cpp">
      <Filter>src</Filter>
    </ClCompile>
    <ClCompile Include="src\VertexBuffer.cpp">
      <Filter>src</Filter>
    </ClCompile>
    <ClCompile Include="src\demoscene\DemoScene.cpp">
      <Filter>src\demoscene</Filter>
    </ClCompile>
    <ClCompile Include="src\demoscene\DemoSceneA.cpp">
      <Filter>src\demoscene</Filter>
    </ClCompile>
    <ClCompile Include="src\demoscene\DemoSceneB.cpp">
      <Filter>src\demoscene</Filter>
    </ClCompile>
    <ClCompile Include="src\demoscene\DemoSceneModel.cpp">
      <Filter>src\demoscene</Filter>
    </ClCompile>
    <ClCompile Include="src\demoscene\DemoSceneUI.cpp">
      <Filter>src\demoscene</Filter>
    </ClCompile>
    <ClCompile Include="src\demoscene\FireworkScene.cpp">
      <Filter>src\demoscene</Filter>
    </ClCompile>
    <ClCompile Include="src\demoscene\LIghtedDemoScene.cpp">
      <Filter>src\demoscene</Filter>
    </ClCompile>
    <ClCompile Include="src\demoscene\QuadMeshScene.cpp">
      <Filter>src\demoscene</Filter>
    </ClCompile>
    <ClCompile Include="src\demoscene\SceneFireLoop.cpp">
      <Filter>src\demoscene</Filter>
    </ClCompile>
    <ClCompile Include="src\demoscene\SinWave.cpp">
      <Filter>src\demoscene</Filter>
    </ClCompile>
    <ClCompile Include="src\demoscene\SpriteTest.cpp">
      <Filter>src\demoscene</Filter>
    </ClCompile>
    <ClCompile Include="src\glObj\FrameBuffer.cpp">
      <Filter>src\glObj</Filter>
    </ClCompile>
    <ClCompile Include="src\glObj\FrameBufferMS.cpp">
      <Filter>src\glObj</Filter>
    </ClCompile>
    <ClCompile Include="src\glObj\LightBuffer.cpp">
      <Filter>src\glObj</Filter>
    </ClCompile>
    <ClCompile Include="src\glObj\Texture.cpp">
      <Filter>src\glObj</Filter>
    </ClCompile>
    <ClCompile Include="src\glObj\VertexBuffers.cpp">
      <Filter>src\glObj</Filter>
    </ClCompile>
    <ClCompile Include="src\glObj\oitContext.cpp">
      <Filter>src\glObj</Filter>
    </ClCompile>
    <ClCompile Include="src\main.cpp">
      <Filter>src</Filter>
    </ClCompile>
    <ClCompile Include="src\pch.cpp">
      <Filter>src</Filter>
    </ClCompile>
    <ClCompile Include="src\tfBuffer.cpp">
      <Filter>src</Filter>
    </ClCompile>
    <ClCompile Include="vendor\ImGuiFileDialog\ImGuiFileDialog.cpp">
      <Filter>vendor\ImGuiFileDialog</Filter>
    </ClCompile>
  </ItemGroup>
</Project>